PODS:
  - Alamofire (4.9.1)
  - Parchment (1.7.0)
  - SnapKit (5.0.1)

DEPENDENCIES:
  - Alamofire (~> 4.1)
  - Parchment
  - SnapKit (~> 5.0.0)

SPEC REPOS:
  trunk:
    - Alamofire
    - Parchment
    - SnapKit

SPEC CHECKSUMS:
  Alamofire: 85e8a02c69d6020a0d734f6054870d7ecb75cf18
  Parchment: cae686f73685d16742cec9c19239b7578a15f0f5
  SnapKit: 97b92857e3df3a0c71833cce143274bf6ef8e5eb

PODFILE CHECKSUM: 0d128cbe8fdc4a894e45fc1387542e80b8982e51

COCOAPODS: 1.8.4
